lockfile_version: '1'
generated_at: '2026-04-02T05:15:07.974727+00:00'
apm_version: 0.8.9
dependencies:
- repo_url: affaan-m/everything-claude-code
  host: github.com
  resolved_commit: 31525854b5fc65af72acfdaada52ece8504bb7ff
  virtual_path: skills/golang-patterns
  is_virtual: true
  package_type: claude_skill
  deployed_files:
  - .claude/skills/golang-patterns
  - .github/skills/golang-patterns
  content_hash: sha256:67c25e95cec3f3166c2efefd5f4502863a1246c6f742b8cbcd2e2864d2a8182a
- repo_url: affaan-m/everything-claude-code
  host: github.com
  resolved_commit: 31525854b5fc65af72acfdaada52ece8504bb7ff
  virtual_path: skills/golang-testing
  is_virtual: true
  package_type: claude_skill
  deployed_files:
  - .claude/skills/golang-testing
  - .github/skills/golang-testing
  content_hash: sha256:db6e910031d9c289f91697cf2397b8a3f717c6fdeae7a115e811a32544d99e11
