lockfile_version: '1'
generated_at: '2026-04-01T16:25:51.649984+00:00'
apm_version: 0.8.6
dependencies:
- repo_url: 8op-org/gl1tch
  host: github.com
  resolved_commit: 097605f471c8308ada6f3fd4f9a7b11efd3b1083
  package_type: apm_package
  deployed_files:
  - .claude/agents/glab-ci.md
  - .claude/agents/glab-issue.md
  - .claude/agents/glab-mr.md
  - .claude/agents/gws.md
  - .github/agents/glab-ci.agent.md
  - .github/agents/glab-issue.agent.md
  - .github/agents/glab-mr.agent.md
  - .github/agents/gws.agent.md
  content_hash: sha256:9e314dcae55837e31671e610e1f479a2fb17be240cca823b342eeb6d26c57dbd
